
Microsoft Visual Studio Solution File, Format Version 12.00
# Visual Studio Version 17
VisualStudioVersion = 17.13.35825.156
MinimumVisualStudioVersion = 10.0.40219.1
Project("{FAE04EC0-301F-11D3-BF4B-00C04F79EFBC}") = "AdvanceChat", "AdvanceChat\AdvanceChat\AdvanceChat.csproj", "{840E6333-C842-4DF3-901D-17A7E8880320}"
EndProject
Project("{FAE04EC0-301F-11D3-BF4B-00C04F79EFBC}") = "AdvanceChat.Client", "AdvanceChat\AdvanceChat.Client\AdvanceChat.Client.csproj", "{33037715-3C9D-4B92-B3C0-5C374FA02A82}"
EndProject
Project("{FAE04EC0-301F-11D3-BF4B-00C04F79EFBC}") = "ChatModels", "ChatModels\ChatModels.csproj", "{A1959E14-34F2-4D9D-AC14-B243A0059B64}"
EndProject
Global
	GlobalSection(SolutionConfigurationPlatforms) = preSolution
		Debug|Any CPU = Debug|Any CPU
		Release|Any CPU = Release|Any CPU
	EndGlobalSection
	GlobalSection(ProjectConfigurationPlatforms) = postSolution
		{840E6333-C842-4DF3-901D-17A7E8880320}.Debug|Any CPU.ActiveCfg = Debug|Any CPU
		{840E6333-C842-4DF3-901D-17A7E8880320}.Debug|Any CPU.Build.0 = Debug|Any CPU
		{840E6333-C842-4DF3-901D-17A7E8880320}.Release|Any CPU.ActiveCfg = Release|Any CPU
		{840E6333-C842-4DF3-901D-17A7E8880320}.Release|Any CPU.Build.0 = Release|Any CPU
		{33037715-3C9D-4B92-B3C0-5C374FA02A82}.Debug|Any CPU.ActiveCfg = Debug|Any CPU
		{33037715-3C9D-4B92-B3C0-5C374FA02A82}.Debug|Any CPU.Build.0 = Debug|Any CPU
		{33037715-3C9D-4B92-B3C0-5C374FA02A82}.Release|Any CPU.ActiveCfg = Release|Any CPU
		{33037715-3C9D-4B92-B3C0-5C374FA02A82}.Release|Any CPU.Build.0 = Release|Any CPU
		{A1959E14-34F2-4D9D-AC14-B243A0059B64}.Debug|Any CPU.ActiveCfg = Debug|Any CPU
		{A1959E14-34F2-4D9D-AC14-B243A0059B64}.Debug|Any CPU.Build.0 = Debug|Any CPU
		{A1959E14-34F2-4D9D-AC14-B243A0059B64}.Release|Any CPU.ActiveCfg = Release|Any CPU
		{A1959E14-34F2-4D9D-AC14-B243A0059B64}.Release|Any CPU.Build.0 = Release|Any CPU
	EndGlobalSection
	GlobalSection(SolutionProperties) = preSolution
		HideSolutionNode = FALSE
	EndGlobalSection
	GlobalSection(ExtensibilityGlobals) = postSolution
		SolutionGuid = {257B7512-0B92-4342-853F-AADDEF3117F1}
	EndGlobalSection
EndGlobal
